
Microsoft Visual Studio Solution File, Format Version 12.00
# Visual Studio Version 16
VisualStudioVersion = 16.0.30523.141
MinimumVisualStudioVersion = 10.0.40219.1
Project("{FAE04EC0-301F-11D3-BF4B-00C04F79EFBC}") = "MaintainCities", "MaintainCities.csproj", "{B2294640-E5FD-4736-9E54-F104DBC4BCD6}"
EndProject
Global
	GlobalSection(SolutionConfigurationPlatforms) = preSolution
		Debug|Any CPU = Debug|Any CPU
		Release|Any CPU = Release|Any CPU
	EndGlobalSection
	GlobalSection(ProjectConfigurationPlatforms) = postSolution
		{B2294640-E5FD-4736-9E54-F104DBC4BCD6}.Debug|Any CPU.ActiveCfg = Debug|Any CPU
		{B2294640-E5FD-4736-9E54-F104DBC4BCD6}.Debug|Any CPU.Build.0 = Debug|Any CPU
		{B2294640-E5FD-4736-9E54-F104DBC4BCD6}.Release|Any CPU.ActiveCfg = Release|Any CPU
		{B2294640-E5FD-4736-9E54-F104DBC4BCD6}.Release|Any CPU.Build.0 = Release|Any CPU
	EndGlobalSection
	GlobalSection(SolutionProperties) = preSolution
		HideSolutionNode = FALSE
	EndGlobalSection
	GlobalSection(ExtensibilityGlobals) = postSolution
		SolutionGuid = {0FADCC05-993D-4854-9839-9E40658E34ED}
	EndGlobalSection
EndGlobal
